// !$*UTF8*$!
{
	archiveVersion = 1;
	classes = {
	};
	objectVersion = 55;
	objects = {

/* Begin PBXBuildFile section */
		BD5E704027152519009A8713 /* AppDelegate.swift in Sources */ = {isa = PBXBuildFile; fileRef = BD5E703F27152519009A8713 /* AppDelegate.swift */; };
		BD5E704227152519009A8713 /* SceneDelegate.swift in Sources */ = {isa = PBXBuildFile; fileRef = BD5E704127152519009A8713 /* SceneDelegate.swift */; };
		BD5E704727152519009A8713 /* Main.storyboard in Resources */ = {isa = PBXBuildFile; fileRef = BD5E704527152519009A8713 /* Main.storyboard */; };
		BD5E70492715251B009A8713 /* Assets.xcassets in Resources */ = {isa = PBXBuildFile; fileRef = BD5E70482715251B009A8713 /* Assets.xcassets */; };
		BD5E704C2715251B009A8713 /* LaunchScreen.storyboard in Resources */ = {isa = PBXBuildFile; fileRef = BD5E704A2715251B009A8713 /* LaunchScreen.storyboard */; };
		BD9C0FE127152ABA00E359BE /* OnboardingViewController.swift in Sources */ = {isa = PBXBuildFile; fileRef = BD9C0FE027152ABA00E359BE /* OnboardingViewController.swift */; };
		BD9C0FE427152CBB00E359BE /* UIViewExtension.swift in Sources */ = {isa = PBXBuildFile; fileRef = BD9C0FE327152CBB00E359BE /* UIViewExtension.swift */; };
		BD9C0FE627152D6F00E359BE /* OnboardingSlide.swift in Sources */ = {isa = PBXBuildFile; fileRef = BD9C0FE527152D6F00E359BE /* OnboardingSlide.swift */; };
		BD9C0FE827152ECB00E359BE /* OnboardingCollectionViewCell.swift in Sources */ = {isa = PBXBuildFile; fileRef = BD9C0FE727152ECB00E359BE /* OnboardingCollectionViewCell.swift */; };
		BD9C100D27166DB300E359BE /* HomeViewController.swift in Sources */ = {isa = PBXBuildFile; fileRef = BD9C100C27166DB300E359BE /* HomeViewController.swift */; };
		BD9C10142716CE7300E359BE /* CategoryCollectionViewCell.swift in Sources */ = {isa = PBXBuildFile; fileRef = BD9C10122716CE7300E359BE /* CategoryCollectionViewCell.swift */; };
		BD9C10152716CE7300E359BE /* CategoryCollectionViewCell.xib in Resources */ = {isa = PBXBuildFile; fileRef = BD9C10132716CE7300E359BE /* CategoryCollectionViewCell.xib */; };
		BD9C10192716D34700E359BE /* DishCategory.swift in Sources */ = {isa = PBXBuildFile; fileRef = BD9C10182716D34700E359BE /* DishCategory.swift */; };
		BD9C101B2716E23600E359BE /* StringExtension.swift in Sources */ = {isa = PBXBuildFile; fileRef = BD9C101A2716E23600E359BE /* StringExtension.swift */; };
		E1CB3A0B536AFF96B21F1ED2 /* Pods_QuickChop.framework in Frameworks */ = {isa = PBXBuildFile; fileRef = 88A0CDA584E074F0FC0B0F69 /* Pods_QuickChop.framework */; };
/* End PBXBuildFile section */

/* Begin PBXFileReference section */
		420894CBA9391AFEF9395FC2 /* Pods-QuickChop.release.xcconfig */ = {isa = PBXFileReference; includeInIndex = 1; lastKnownFileType = text.xcconfig; name = "Pods-QuickChop.release.xcconfig"; path = "Target Support Files/Pods-QuickChop/Pods-QuickChop.release.xcconfig"; sourceTree = "<group>"; };
		88A0CDA584E074F0FC0B0F69 /* Pods_QuickChop.framework */ = {isa = PBXFileReference; explicitFileType = wrapper.framework; includeInIndex = 0; path = Pods_QuickChop.framework; sourceTree = BUILT_PRODUCTS_DIR; };
		BD5E703C27152519009A8713 /* QuickChop.app */ = {isa = PBXFileReference; explicitFileType = wrapper.application; includeInIndex = 0; path = QuickChop.app; sourceTree = BUILT_PRODUCTS_DIR; };
		BD5E703F27152519009A8713 /* AppDelegate.swift */ = {isa = PBXFileReference; lastKnownFileType = sourcecode.swift; path = AppDelegate.swift; sourceTree = "<group>"; };
		BD5E704127152519009A8713 /* SceneDelegate.swift */ = {isa = PBXFileReference; lastKnownFileType = sourcecode.swift; path = SceneDelegate.swift; sourceTree = "<group>"; };
		BD5E704627152519009A8713 /* Base */ = {isa = PBXFileReference; lastKnownFileType = file.storyboard; name = Base; path = Base.lproj/Main.storyboard; sourceTree = "<group>"; };
		BD5E70482715251B009A8713 /* Assets.xcassets */ = {isa = PBXFileReference; lastKnownFileType = folder.assetcatalog; path = Assets.xcassets; sourceTree = "<group>"; };
		BD5E704B2715251B009A8713 /* Base */ = {isa = PBXFileReference; lastKnownFileType = file.storyboard; name = Base; path = Base.lproj/LaunchScreen.storyboard; sourceTree = "<group>"; };
		BD5E704D2715251B009A8713 /* Info.plist */ = {isa = PBXFileReference; lastKnownFileType = text.plist.xml; path = Info.plist; sourceTree = "<group>"; };
		BD9C0FE027152ABA00E359BE /* OnboardingViewController.swift */ = {isa = PBXFileReference; lastKnownFileType = sourcecode.swift; path = OnboardingViewController.swift; sourceTree = "<group>"; };
		BD9C0FE327152CBB00E359BE /* UIViewExtension.swift */ = {isa = PBXFileReference; lastKnownFileType = sourcecode.swift; path = UIViewExtension.swift; sourceTree = "<group>"; };
		BD9C0FE527152D6F00E359BE /* OnboardingSlide.swift */ = {isa = PBXFileReference; lastKnownFileType = sourcecode.swift; path = OnboardingSlide.swift; sourceTree = "<group>"; };
		BD9C0FE727152ECB00E359BE /* OnboardingCollectionViewCell.swift */ = {isa = PBXFileReference; lastKnownFileType = sourcecode.swift; path = OnboardingCollectionViewCell.swift; sourceTree = "<group>"; };
		BD9C100C27166DB300E359BE /* HomeViewController.swift */ = {isa = PBXFileReference; lastKnownFileType = sourcecode.swift; path = HomeViewController.swift; sourceTree = "<group>"; };
		BD9C10122716CE7300E359BE /* CategoryCollectionViewCell.swift */ = {isa = PBXFileReference; lastKnownFileType = sourcecode.swift; path = CategoryCollectionViewCell.swift; sourceTree = "<group>"; };
		BD9C10132716CE7300E359BE /* CategoryCollectionViewCell.xib */ = {isa = PBXFileReference; lastKnownFileType = file.xib; path = CategoryCollectionViewCell.xib; sourceTree = "<group>"; };
		BD9C10182716D34700E359BE /* DishCategory.swift */ = {isa = PBXFileReference; lastKnownFileType = sourcecode.swift; path = DishCategory.swift; sourceTree = "<group>"; };
		BD9C101A2716E23600E359BE /* StringExtension.swift */ = {isa = PBXFileReference; lastKnownFileType = sourcecode.swift; path = StringExtension.swift; sourceTree = "<group>"; };
		FE4B5EF3578AC5932EF2943D /* Pods-QuickChop.debug.xcconfig */ = {isa = PBXFileReference; includeInIndex = 1; lastKnownFileType = text.xcconfig; name = "Pods-QuickChop.debug.xcconfig"; path = "Target Support Files/Pods-QuickChop/Pods-QuickChop.debug.xcconfig"; sourceTree = "<group>"; };
/* End PBXFileReference section */

/* Begin PBXFrameworksBuildPhase section */
		BD5E703927152519009A8713 /* Frameworks */ = {
			isa = PBXFrameworksBuildPhase;
			buildActionMask = 2147483647;
			files = (
				E1CB3A0B536AFF96B21F1ED2 /* Pods_QuickChop.framework in Frameworks */,
			);
			runOnlyForDeploymentPostprocessing = 0;
		};
/* End PBXFrameworksBuildPhase section */

/* Begin PBXGroup section */
		91C87D964A0E25C3891C5058 /* Pods */ = {
			isa = PBXGroup;
			children = (
				FE4B5EF3578AC5932EF2943D /* Pods-QuickChop.debug.xcconfig */,
				420894CBA9391AFEF9395FC2 /* Pods-QuickChop.release.xcconfig */,
			);
			path = Pods;
			sourceTree = "<group>";
		};
		A79D2A848D6281CFADEBFA39 /* Frameworks */ = {
			isa = PBXGroup;
			children = (
				88A0CDA584E074F0FC0B0F69 /* Pods_QuickChop.framework */,
			);
			name = Frameworks;
			sourceTree = "<group>";
		};
		BD5E703327152519009A8713 = {
			isa = PBXGroup;
			children = (
				BD5E703E27152519009A8713 /* QuickChop */,
				BD5E703D27152519009A8713 /* Products */,
				91C87D964A0E25C3891C5058 /* Pods */,
				A79D2A848D6281CFADEBFA39 /* Frameworks */,
			);
			sourceTree = "<group>";
		};
		BD5E703D27152519009A8713 /* Products */ = {
			isa = PBXGroup;
			children = (
				BD5E703C27152519009A8713 /* QuickChop.app */,
			);
			name = Products;
			sourceTree = "<group>";
		};
		BD5E703E27152519009A8713 /* QuickChop */ = {
			isa = PBXGroup;
			children = (
				BD9C0FE227152C2A00E359BE /* Extension */,
				BD9C0FDE2715296700E359BE /* Models */,
				BD9C0FDD2715295600E359BE /* Views */,
				BD9C0FDC2715293E00E359BE /* CustomViews */,
				BD5E703F27152519009A8713 /* AppDelegate.swift */,
				BD5E704127152519009A8713 /* SceneDelegate.swift */,
				BD5E704527152519009A8713 /* Main.storyboard */,
				BD5E70482715251B009A8713 /* Assets.xcassets */,
				BD5E704A2715251B009A8713 /* LaunchScreen.storyboard */,
				BD5E704D2715251B009A8713 /* Info.plist */,
			);
			path = QuickChop;
			sourceTree = "<group>";
		};
		BD9C0FDC2715293E00E359BE /* CustomViews */ = {
			isa = PBXGroup;
			children = (
				BD9C100E2716CDD300E359BE /* CollectionViewCells */,
			);
			path = CustomViews;
			sourceTree = "<group>";
		};
		BD9C0FDD2715295600E359BE /* Views */ = {
			isa = PBXGroup;
			children = (
				BD9C100B27166D8300E359BE /* Home */,
				BD9C0FDF2715297E00E359BE /* Onboarding */,
			);
			path = Views;
			sourceTree = "<group>";
		};
		BD9C0FDE2715296700E359BE /* Models */ = {
			isa = PBXGroup;
			children = (
				BD9C0FE527152D6F00E359BE /* OnboardingSlide.swift */,
				BD9C10182716D34700E359BE /* DishCategory.swift */,
			);
			path = Models;
			sourceTree = "<group>";
		};
		BD9C0FDF2715297E00E359BE /* Onboarding */ = {
			isa = PBXGroup;
			children = (
				BD9C0FE027152ABA00E359BE /* OnboardingViewController.swift */,
				BD9C0FE727152ECB00E359BE /* OnboardingCollectionViewCell.swift */,
			);
			path = Onboarding;
			sourceTree = "<group>";
		};
		BD9C0FE227152C2A00E359BE /* Extension */ = {
			isa = PBXGroup;
			children = (
				BD9C0FE327152CBB00E359BE /* UIViewExtension.swift */,
				BD9C101A2716E23600E359BE /* StringExtension.swift */,
			);
			path = Extension;
			sourceTree = "<group>";
		};
		BD9C100B27166D8300E359BE /* Home */ = {
			isa = PBXGroup;
			children = (
				BD9C100C27166DB300E359BE /* HomeViewController.swift */,
			);
			path = Home;
			sourceTree = "<group>";
		};
		BD9C100E2716CDD300E359BE /* CollectionViewCells */ = {
			isa = PBXGroup;
			children = (
				BD9C100F2716CDF200E359BE /* CategoryCollectionViewCells */,
			);
			path = CollectionViewCells;
			sourceTree = "<group>";
		};
		BD9C100F2716CDF200E359BE /* CategoryCollectionViewCells */ = {
			isa = PBXGroup;
			children = (
				BD9C10122716CE7300E359BE /* CategoryCollectionViewCell.swift */,
				BD9C10132716CE7300E359BE /* CategoryCollectionViewCell.xib */,
			);
			path = CategoryCollectionViewCells;
			sourceTree = "<group>";
		};
/* End PBXGroup section */

/* Begin PBXNativeTarget section */
		BD5E703B27152519009A8713 /* QuickChop */ = {
			isa = PBXNativeTarget;
			buildConfigurationList = BD5E70502715251B009A8713 /* Build configuration list for PBXNativeTarget "QuickChop" */;
			buildPhases = (
				98E4F364E53FB9F1290E682F /* [CP] Check Pods Manifest.lock */,
				BD5E703827152519009A8713 /* Sources */,
				BD5E703927152519009A8713 /* Frameworks */,
				BD5E703A27152519009A8713 /* Resources */,
				7363DF44582889549EE609F5 /* [CP] Embed Pods Frameworks */,
			);
			buildRules = (
			);
			dependencies = (
			);
			name = QuickChop;
			productName = QuickChop;
			productReference = BD5E703C27152519009A8713 /* QuickChop.app */;
			productType = "com.apple.product-type.application";
		};
/* End PBXNativeTarget section */

/* Begin PBXProject section */
		BD5E703427152519009A8713 /* Project object */ = {
			isa = PBXProject;
			attributes = {
				BuildIndependentTargetsInParallel = 1;
				LastSwiftUpdateCheck = 1300;
				LastUpgradeCheck = 1300;
				TargetAttributes = {
					BD5E703B27152519009A8713 = {
						CreatedOnToolsVersion = 13.0;
					};
				};
			};
			buildConfigurationList = BD5E703727152519009A8713 /* Build configuration list for PBXProject "QuickChop" */;
			compatibilityVersion = "Xcode 13.0";
			developmentRegion = en;
			hasScannedForEncodings = 0;
			knownRegions = (
				en,
				Base,
			);
			mainGroup = BD5E703327152519009A8713;
			productRefGroup = BD5E703D27152519009A8713 /* Products */;
			projectDirPath = "";
			projectRoot = "";
			targets = (
				BD5E703B27152519009A8713 /* QuickChop */,
			);
		};
/* End PBXProject section */

/* Begin PBXResourcesBuildPhase section */
		BD5E703A27152519009A8713 /* Resources */ = {
			isa = PBXResourcesBuildPhase;
			buildActionMask = 2147483647;
			files = (
				BD9C10152716CE7300E359BE /* CategoryCollectionViewCell.xib in Resources */,
				BD5E704C2715251B009A8713 /* LaunchScreen.storyboard in Resources */,
				BD5E70492715251B009A8713 /* Assets.xcassets in Resources */,
				BD5E704727152519009A8713 /* Main.storyboard in Resources */,
			);
			runOnlyForDeploymentPostprocessing = 0;
		};
/* End PBXResourcesBuildPhase section */

/* Begin PBXShellScriptBuildPhase section */
		7363DF44582889549EE609F5 /* [CP] Embed Pods Frameworks */ = {
			isa = PBXShellScriptBuildPhase;
			buildActionMask = 2147483647;
			files = (
			);
			inputFileListPaths = (
				"${PODS_ROOT}/Target Support Files/Pods-QuickChop/Pods-QuickChop-frameworks-${CONFIGURATION}-input-files.xcfilelist",
			);
			name = "[CP] Embed Pods Frameworks";
			outputFileListPaths = (
				"${PODS_ROOT}/Target Support Files/Pods-QuickChop/Pods-QuickChop-frameworks-${CONFIGURATION}-output-files.xcfilelist",
			);
			runOnlyForDeploymentPostprocessing = 0;
			shellPath = /bin/sh;
			shellScript = "\"${PODS_ROOT}/Target Support Files/Pods-QuickChop/Pods-QuickChop-frameworks.sh\"\n";
			showEnvVarsInLog = 0;
		};
		98E4F364E53FB9F1290E682F /* [CP] Check Pods Manifest.lock */ = {
			isa = PBXShellScriptBuildPhase;
			buildActionMask = 2147483647;
			files = (
			);
			inputFileListPaths = (
			);
			inputPaths = (
				"${PODS_PODFILE_DIR_PATH}/Podfile.lock",
				"${PODS_ROOT}/Manifest.lock",
			);
			name = "[CP] Check Pods Manifest.lock";
			outputFileListPaths = (
			);
			outputPaths = (
				"$(DERIVED_FILE_DIR)/Pods-QuickChop-checkManifestLockResult.txt",
			);
			runOnlyForDeploymentPostprocessing = 0;
			shellPath = /bin/sh;
			shellScript = "diff \"${PODS_PODFILE_DIR_PATH}/Podfile.lock\" \"${PODS_ROOT}/Manifest.lock\" > /dev/null\nif [ $? != 0 ] ; then\n    # print error to STDERR\n    echo \"error: The sandbox is not in sync with the Podfile.lock. Run 'pod install' or update your CocoaPods installation.\" >&2\n    exit 1\nfi\n# This output is used by Xcode 'outputs' to avoid re-running this script phase.\necho \"SUCCESS\" > \"${SCRIPT_OUTPUT_FILE_0}\"\n";
			showEnvVarsInLog = 0;
		};
/* End PBXShellScriptBuildPhase section */

/* Begin PBXSourcesBuildPhase section */
		BD5E703827152519009A8713 /* Sources */ = {
			isa = PBXSourcesBuildPhase;
			buildActionMask = 2147483647;
			files = (
				BD9C10142716CE7300E359BE /* CategoryCollectionViewCell.swift in Sources */,
				BD9C0FE627152D6F00E359BE /* OnboardingSlide.swift in Sources */,
				BD9C101B2716E23600E359BE /* StringExtension.swift in Sources */,
				BD5E704027152519009A8713 /* AppDelegate.swift in Sources */,
				BD5E704227152519009A8713 /* SceneDelegate.swift in Sources */,
				BD9C0FE427152CBB00E359BE /* UIViewExtension.swift in Sources */,
				BD9C0FE127152ABA00E359BE /* OnboardingViewController.swift in Sources */,
				BD9C100D27166DB300E359BE /* HomeViewController.swift in Sources */,
				BD9C10192716D34700E359BE /* DishCategory.swift in Sources */,
				BD9C0FE827152ECB00E359BE /* OnboardingCollectionViewCell.swift in Sources */,
			);
			runOnlyForDeploymentPostprocessing = 0;
		};
/* End PBXSourcesBuildPhase section */

/* Begin PBXVariantGroup section */
		BD5E704527152519009A8713 /* Main.storyboard */ = {
			isa = PBXVariantGroup;
			children = (
				BD5E704627152519009A8713 /* Base */,
			);
			name = Main.storyboard;
			sourceTree = "<group>";
		};
		BD5E704A2715251B009A8713 /* LaunchScreen.storyboard */ = {
			isa = PBXVariantGroup;
			children = (
				BD5E704B2715251B009A8713 /* Base */,
			);
			name = LaunchScreen.storyboard;
			sourceTree = "<group>";
		};
/* End PBXVariantGroup section */

/* Begin XCBuildConfiguration section */
		BD5E704E2715251B009A8713 /* Debug */ = {
			isa = XCBuildConfiguration;
			buildSettings = {
				ALWAYS_SEARCH_USER_PATHS = NO;
				CLANG_ANALYZER_NONNULL = YES;
				CLANG_ANALYZER_NUMBER_OBJECT_CONVERSION = YES_AGGRESSIVE;
				CLANG_CXX_LANGUAGE_STANDARD = "gnu++17";
				CLANG_CXX_LIBRARY = "libc++";
				CLANG_ENABLE_MODULES = YES;
				CLANG_ENABLE_OBJC_ARC = YES;
				CLANG_ENABLE_OBJC_WEAK = YES;
				CLANG_WARN_BLOCK_CAPTURE_AUTORELEASING = YES;
				CLANG_WARN_BOOL_CONVERSION = YES;
				CLANG_WARN_COMMA = YES;
				CLANG_WARN_CONSTANT_CONVERSION = YES;
				CLANG_WARN_DEPRECATED_OBJC_IMPLEMENTATIONS = YES;
				CLANG_WARN_DIRECT_OBJC_ISA_USAGE = YES_ERROR;
				CLANG_WARN_DOCUMENTATION_COMMENTS = YES;
				CLANG_WARN_EMPTY_BODY = YES;
				CLANG_WARN_ENUM_CONVERSION = YES;
				CLANG_WARN_INFINITE_RECURSION = YES;
				CLANG_WARN_INT_CONVERSION = YES;
				CLANG_WARN_NON_LITERAL_NULL_CONVERSION = YES;
				CLANG_WARN_OBJC_IMPLICIT_RETAIN_SELF = YES;
				CLANG_WARN_OBJC_LITERAL_CONVERSION = YES;
				CLANG_WARN_OBJC_ROOT_CLASS = YES_ERROR;
				CLANG_WARN_QUOTED_INCLUDE_IN_FRAMEWORK_HEADER = YES;
				CLANG_WARN_RANGE_LOOP_ANALYSIS = YES;
				CLANG_WARN_STRICT_PROTOTYPES = YES;
				CLANG_WARN_SUSPICIOUS_MOVE = YES;
				CLANG_WARN_UNGUARDED_AVAILABILITY = YES_AGGRESSIVE;
				CLANG_WARN_UNREACHABLE_CODE = YES;
				CLANG_WARN__DUPLICATE_METHOD_MATCH = YES;
				COPY_PHASE_STRIP = NO;
				DEBUG_INFORMATION_FORMAT = dwarf;
				ENABLE_STRICT_OBJC_MSGSEND = YES;
				ENABLE_TESTABILITY = YES;
				GCC_C_LANGUAGE_STANDARD = gnu11;
				GCC_DYNAMIC_NO_PIC = NO;
				GCC_NO_COMMON_BLOCKS = YES;
				GCC_OPTIMIZATION_LEVEL = 0;
				GCC_PREPROCESSOR_DEFINITIONS = (
					"DEBUG=1",
					"$(inherited)",
				);
				GCC_WARN_64_TO_32_BIT_CONVERSION = YES;
				GCC_WARN_ABOUT_RETURN_TYPE = YES_ERROR;
				GCC_WARN_UNDECLARED_SELECTOR = YES;
				GCC_WARN_UNINITIALIZED_AUTOS = YES_AGGRESSIVE;
				GCC_WARN_UNUSED_FUNCTION = YES;
				GCC_WARN_UNUSED_VARIABLE = YES;
				IPHONEOS_DEPLOYMENT_TARGET = 15.0;
				MTL_ENABLE_DEBUG_INFO = INCLUDE_SOURCE;
				MTL_FAST_MATH = YES;
				ONLY_ACTIVE_ARCH = YES;
				SDKROOT = iphoneos;
				SWIFT_ACTIVE_COMPILATION_CONDITIONS = DEBUG;
				SWIFT_OPTIMIZATION_LEVEL = "-Onone";
			};
			name = Debug;
		};
		BD5E704F2715251B009A8713 /* Release */ = {
			isa = XCBuildConfiguration;
			buildSettings = {
				ALWAYS_SEARCH_USER_PATHS = NO;
				CLANG_ANALYZER_NONNULL = YES;
				CLANG_ANALYZER_NUMBER_OBJECT_CONVERSION = YES_AGGRESSIVE;
				CLANG_CXX_LANGUAGE_STANDARD = "gnu++17";
				CLANG_CXX_LIBRARY = "libc++";
				CLANG_ENABLE_MODULES = YES;
				CLANG_ENABLE_OBJC_ARC = YES;
				CLANG_ENABLE_OBJC_WEAK = YES;
				CLANG_WARN_BLOCK_CAPTURE_AUTORELEASING = YES;
				CLANG_WARN_BOOL_CONVERSION = YES;
				CLANG_WARN_COMMA = YES;
				CLANG_WARN_CONSTANT_CONVERSION = YES;
				CLANG_WARN_DEPRECATED_OBJC_IMPLEMENTATIONS = YES;
				CLANG_WARN_DIRECT_OBJC_ISA_USAGE = YES_ERROR;
				CLANG_WARN_DOCUMENTATION_COMMENTS = YES;
				CLANG_WARN_EMPTY_BODY = YES;
				CLANG_WARN_ENUM_CONVERSION = YES;
				CLANG_WARN_INFINITE_RECURSION = YES;
				CLANG_WARN_INT_CONVERSION = YES;
				CLANG_WARN_NON_LITERAL_NULL_CONVERSION = YES;
				CLANG_WARN_OBJC_IMPLICIT_RETAIN_SELF = YES;
				CLANG_WARN_OBJC_LITERAL_CONVERSION = YES;
				CLANG_WARN_OBJC_ROOT_CLASS = YES_ERROR;
				CLANG_WARN_QUOTED_INCLUDE_IN_FRAMEWORK_HEADER = YES;
				CLANG_WARN_RANGE_LOOP_ANALYSIS = YES;
				CLANG_WARN_STRICT_PROTOTYPES = YES;
				CLANG_WARN_SUSPICIOUS_MOVE = YES;
				CLANG_WARN_UNGUARDED_AVAILABILITY = YES_AGGRESSIVE;
				CLANG_WARN_UNREACHABLE_CODE = YES;
				CLANG_WARN__DUPLICATE_METHOD_MATCH = YES;
				COPY_PHASE_STRIP = NO;
				DEBUG_INFORMATION_FORMAT = "dwarf-with-dsym";
				ENABLE_NS_ASSERTIONS = NO;
				ENABLE_STRICT_OBJC_MSGSEND = YES;
				GCC_C_LANGUAGE_STANDARD = gnu11;
				GCC_NO_COMMON_BLOCKS = YES;
				GCC_WARN_64_TO_32_BIT_CONVERSION = YES;
				GCC_WARN_ABOUT_RETURN_TYPE = YES_ERROR;
				GCC_WARN_UNDECLARED_SELECTOR = YES;
				GCC_WARN_UNINITIALIZED_AUTOS = YES_AGGRESSIVE;
				GCC_WARN_UNUSED_FUNCTION = YES;
				GCC_WARN_UNUSED_VARIABLE = YES;
				IPHONEOS_DEPLOYMENT_TARGET = 15.0;
				MTL_ENABLE_DEBUG_INFO = NO;
				MTL_FAST_MATH = YES;
				SDKROOT = iphoneos;
				SWIFT_COMPILATION_MODE = wholemodule;
				SWIFT_OPTIMIZATION_LEVEL = "-O";
				VALIDATE_PRODUCT = YES;
			};
			name = Release;
		};
		BD5E70512715251B009A8713 /* Debug */ = {
			isa = XCBuildConfiguration;
			baseConfigurationReference = FE4B5EF3578AC5932EF2943D /* Pods-QuickChop.debug.xcconfig */;
			buildSettings = {
				ASSETCATALOG_COMPILER_APPICON_NAME = AppIcon;
				ASSETCATALOG_COMPILER_GLOBAL_ACCENT_COLOR_NAME = AccentColor;
				CODE_SIGN_STYLE = Automatic;
				CURRENT_PROJECT_VERSION = 1;
				DEVELOPMENT_TEAM = A2AL553RHN;
				GENERATE_INFOPLIST_FILE = YES;
				INFOPLIST_FILE = QuickChop/Info.plist;
				INFOPLIST_KEY_UIApplicationSupportsIndirectInputEvents = YES;
				INFOPLIST_KEY_UILaunchStoryboardName = LaunchScreen;
				INFOPLIST_KEY_UIMainStoryboardFile = Main;
				INFOPLIST_KEY_UISupportedInterfaceOrientations_iPad = "UIInterfaceOrientationPortrait UIInterfaceOrientationPortraitUpsideDown UIInterfaceOrientationLandscapeLeft UIInterfaceOrientationLandscapeRight";
				INFOPLIST_KEY_UISupportedInterfaceOrientations_iPhone = "UIInterfaceOrientationPortrait UIInterfaceOrientationLandscapeLeft UIInterfaceOrientationLandscapeRight";
				LD_RUNPATH_SEARCH_PATHS = (
					"$(inherited)",
					"@executable_path/Frameworks",
				);
				MARKETING_VERSION = 1.0;
				PRODUCT_BUNDLE_IDENTIFIER = com.ikenna.QuickChop;
				PRODUCT_NAME = "$(TARGET_NAME)";
				SWIFT_EMIT_LOC_STRINGS = YES;
				SWIFT_VERSION = 5.0;
				TARGETED_DEVICE_FAMILY = "1,2";
			};
			name = Debug;
		};
		BD5E70522715251B009A8713 /* Release */ = {
			isa = XCBuildConfiguration;
			baseConfigurationReference = 420894CBA9391AFEF9395FC2 /* Pods-QuickChop.release.xcconfig */;
			buildSettings = {
				ASSETCATALOG_COMPILER_APPICON_NAME = AppIcon;
				ASSETCATALOG_COMPILER_GLOBAL_ACCENT_COLOR_NAME = AccentColor;
				CODE_SIGN_STYLE = Automatic;
				CURRENT_PROJECT_VERSION = 1;
				DEVELOPMENT_TEAM = A2AL553RHN;
				GENERATE_INFOPLIST_FILE = YES;
				INFOPLIST_FILE = QuickChop/Info.plist;
				INFOPLIST_KEY_UIApplicationSupportsIndirectInputEvents = YES;
				INFOPLIST_KEY_UILaunchStoryboardName = LaunchScreen;
				INFOPLIST_KEY_UIMainStoryboardFile = Main;
				INFOPLIST_KEY_UISupportedInterfaceOrientations_iPad = "UIInterfaceOrientationPortrait UIInterfaceOrientationPortraitUpsideDown UIInterfaceOrientationLandscapeLeft UIInterfaceOrientationLandscapeRight";
				INFOPLIST_KEY_UISupportedInterfaceOrientations_iPhone = "UIInterfaceOrientationPortrait UIInterfaceOrientationLandscapeLeft UIInterfaceOrientationLandscapeRight";
				LD_RUNPATH_SEARCH_PATHS = (
					"$(inherited)",
					"@executable_path/Frameworks",
				);
				MARKETING_VERSION = 1.0;
				PRODUCT_BUNDLE_IDENTIFIER = com.ikenna.QuickChop;
				PRODUCT_NAME = "$(TARGET_NAME)";
				SWIFT_EMIT_LOC_STRINGS = YES;
				SWIFT_VERSION = 5.0;
				TARGETED_DEVICE_FAMILY = "1,2";
			};
			name = Release;
		};
/* End XCBuildConfiguration section */

/* Begin XCConfigurationList section */
		BD5E703727152519009A8713 /* Build configuration list for PBXProject "QuickChop" */ = {
			isa = XCConfigurationList;
			buildConfigurations = (
				BD5E704E2715251B009A8713 /* Debug */,
				BD5E704F2715251B009A8713 /* Release */,
			);
			defaultConfigurationIsVisible = 0;
			defaultConfigurationName = Release;
		};
		BD5E70502715251B009A8713 /* Build configuration list for PBXNativeTarget "QuickChop" */ = {
			isa = XCConfigurationList;
			buildConfigurations = (
				BD5E70512715251B009A8713 /* Debug */,
				BD5E70522715251B009A8713 /* Release */,
			);
			defaultConfigurationIsVisible = 0;
			defaultConfigurationName = Release;
		};
/* End XCConfigurationList section */
	};
	rootObject = BD5E703427152519009A8713 /* Project object */;
}
